# This file is automatically @generated by Poetry 1.7.1 and should not be changed by hand.

[[package]]
name = "aenum"
version = "3.1.15"
description = "Advanced Enumerations (compatible with Python's stdlib Enum), NamedTuples, and NamedConstants"
optional = false
python-versions = "*"
files = [
    {file = "aenum-3.1.15-py2-none-any.whl", hash = "sha256:27b1710b9d084de6e2e695dab78fe9f269de924b51ae2850170ee7e1ca6288a5"},
    {file = "aenum-3.1.15-py3-none-any.whl", hash = "sha256:e0dfaeea4c2bd362144b87377e2c61d91958c5ed0b4daf89cb6f45ae23af6288"},
    {file = "aenum-3.1.15.tar.gz", hash = "sha256:8cbd76cd18c4f870ff39b24284d3ea028fbe8731a58df3aa581e434c575b9559"},
]

[[package]]
name = "markdown"
version = "3.5.2"
description = "Python implementation of John Gruber's Markdown."
optional = false
python-versions = ">=3.8"
files = [
    {file = "Markdown-3.5.2-py3-none-any.whl", hash = "sha256:d43323865d89fc0cb9b20c75fc8ad313af307cc087e84b657d9eec768eddeadd"},
    {file = "Markdown-3.5.2.tar.gz", hash = "sha256:e1ac7b3dc550ee80e602e71c1d168002f062e49f1b11e26a36264dafd4df2ef8"},
]

[package.extras]
docs = ["mdx-gh-links (>=0.2)", "mkdocs (>=1.5)", "mkdocs-gen-files", "mkdocs-literate-nav", "mkdocs-nature (>=0.6)", "mkdocs-section-index", "mkdocstrings[python]"]
testing = ["coverage", "pyyaml"]

[[package]]
name = "pygments"
version = "2.17.2"
description = "Pygments is a syntax highlighting package written in Python."
optional = false
python-versions = ">=3.7"
files = [
    {file = "pygments-2.17.2-py3-none-any.whl", hash = "sha256:b27c2826c47d0f3219f29554824c30c5e8945175d888647acd804ddd04af846c"},
    {file = "pygments-2.17.2.tar.gz", hash = "sha256:da46cec9fd2de5be3a8a784f434e4c4ab670b4ff54d605c4c2717e9d49c4c367"},
]

[package.extras]
plugins = ["importlib-metadata"]
windows-terminal = ["colorama (>=0.4.6)"]

[[package]]
name = "types-docutils"
version = "0.20.0.20240201"
description = "Typing stubs for docutils"
optional = false
python-versions = ">=3.8"
files = [
    {file = "types-docutils-0.20.0.20240201.tar.gz", hash = "sha256:ba4bfd4ff6dd19640ba7ab5d93900393a65897880f3650997964a943f4e79a6b"},
    {file = "types_docutils-0.20.0.20240201-py3-none-any.whl", hash = "sha256:79d3bcef235f7c81a63f4f3dcf1d0b138985079bb32d02f5a7d266e1f9f361ba"},
]

[[package]]
name = "types-markdown"
version = "3.5.0.20240129"
description = "Typing stubs for Markdown"
optional = false
python-versions = ">=3.8"
files = [
    {file = "types-Markdown-3.5.0.20240129.tar.gz", hash = "sha256:9acd36fef264d9ed5a96345c45f7d80f0d967059e92213998b3046fbb64f67fc"},
    {file = "types_Markdown-3.5.0.20240129-py3-none-any.whl", hash = "sha256:d6861d9d68e8268a5346d8a43d14727e6c636ebc6d49f2b8fc034c25996d35dd"},
]

[[package]]
name = "types-pygments"
version = "2.17.0.20240106"
description = "Typing stubs for Pygments"
optional = false
python-versions = ">=3.8"
files = [
    {file = "types-Pygments-2.17.0.20240106.tar.gz", hash = "sha256:92e62ac37793e567cd2b0f64f1456c24fccce4041d9c5f869697a6739fde4fce"},
    {file = "types_Pygments-2.17.0.20240106-py3-none-any.whl", hash = "sha256:8052c574b0ab8f2dc94bdc4a31b9d48e8aa5a0f12398ef40cadadbe551da949b"},
]

[package.dependencies]
types-docutils = "*"
types-setuptools = "*"

[[package]]
name = "types-setuptools"
version = "69.0.0.20240125"
description = "Typing stubs for setuptools"
optional = false
python-versions = ">=3.8"
files = [
    {file = "types-setuptools-69.0.0.20240125.tar.gz", hash = "sha256:22ad498cb585b22ce8c97ada1fccdf294a2e0dd7dc984a28535a84ea82f45b3f"},
    {file = "types_setuptools-69.0.0.20240125-py3-none-any.whl", hash = "sha256:00835f959ff24ebc32c55da8df9d46e8df25e3c4bfacb43e98b61fde51a4bc41"},
]

[metadata]
lock-version = "2.0"
python-versions = "^3.12"
content-hash = "686c4c8d25b40e9e29e4855e3d699050bd961f93be0101035028a64ed3269b78"
